
Microsoft Visual Studio Solution File, Format Version 12.00
# Visual Studio Version 17
VisualStudioVersion = 17.14.36717.8 d17.14
MinimumVisualStudioVersion = 10.0.40219.1
Project("{FAE04EC0-301F-11D3-BF4B-00C04F79EFBC}") = "WebApplication1", "WebApplication1\WebApplication1.csproj", "{B49F92D5-C2E5-4BA4-8177-FD649AA6C01D}"
EndProject
Global
	GlobalSection(SolutionConfigurationPlatforms) = preSolution
		Debug|Any CPU = Debug|Any CPU
		Release|Any CPU = Release|Any CPU
	EndGlobalSection
	GlobalSection(ProjectConfigurationPlatforms) = postSolution
		{B49F92D5-C2E5-4BA4-8177-FD649AA6C01D}.Debug|Any CPU.ActiveCfg = Debug|Any CPU
		{B49F92D5-C2E5-4BA4-8177-FD649AA6C01D}.Debug|Any CPU.Build.0 = Debug|Any CPU
		{B49F92D5-C2E5-4BA4-8177-FD649AA6C01D}.Release|Any CPU.ActiveCfg = Release|Any CPU
		{B49F92D5-C2E5-4BA4-8177-FD649AA6C01D}.Release|Any CPU.Build.0 = Release|Any CPU
	EndGlobalSection
	GlobalSection(SolutionProperties) = preSolution
		HideSolutionNode = FALSE
	EndGlobalSection
	GlobalSection(ExtensibilityGlobals) = postSolution
		SolutionGuid = {472A1FCB-ED29-47C1-9DF4-0C49631F449F}
	EndGlobalSection
EndGlobal
